
Microsoft Visual Studio Solution File, Format Version 12.00
# Visual Studio Version 16
VisualStudioVersion = 16.0.29418.71
MinimumVisualStudioVersion = 10.0.40219.1
Project("{FAE04EC0-301F-11D3-BF4B-00C04F79EFBC}") = "RFID_OPCUA_Service", "RFID_OPCUA_Service\RFID_OPCUA_Service.csproj", "{71E22528-A341-4F5A-B328-0D8A0462186E}"
EndProject
Global
	GlobalSection(SolutionConfigurationPlatforms) = preSolution
		Debug|Any CPU = Debug|Any CPU
		Release|Any CPU = Release|Any CPU
	EndGlobalSection
	GlobalSection(ProjectConfigurationPlatforms) = postSolution
		{71E22528-A341-4F5A-B328-0D8A0462186E}.Debug|Any CPU.ActiveCfg = Debug|Any CPU
		{71E22528-A341-4F5A-B328-0D8A0462186E}.Debug|Any CPU.Build.0 = Debug|Any CPU
		{71E22528-A341-4F5A-B328-0D8A0462186E}.Release|Any CPU.ActiveCfg = Release|Any CPU
		{71E22528-A341-4F5A-B328-0D8A0462186E}.Release|Any CPU.Build.0 = Release|Any CPU
	EndGlobalSection
	GlobalSection(SolutionProperties) = preSolution
		HideSolutionNode = FALSE
	EndGlobalSection
	GlobalSection(ExtensibilityGlobals) = postSolution
		SolutionGuid = {CDDDF15F-E807-4A2D-9395-04BFD9A209D0}
	EndGlobalSection
EndGlobal
